
Microsoft Visual Studio Solution File, Format Version 12.00
# Visual Studio Version 17
VisualStudioVersion = 17.7.34031.279
MinimumVisualStudioVersion = 10.0.40219.1
Project("{9A19103F-16F7-4668-BE54-9A1E7A4F7556}") = "MMSLib", "MMSLib\MMSLib.csproj", "{826A8626-4EE7-4596-A22D-3789DDF06ED2}"
EndProject
Project("{9A19103F-16F7-4668-BE54-9A1E7A4F7556}") = "MMS", "MMS\MMS.csproj", "{1AA481F8-62D5-4AF0-BB00-765E668B1417}"
EndProject
Global
	GlobalSection(SolutionConfigurationPlatforms) = preSolution
		Debug|Any CPU = Debug|Any CPU
		Release|Any CPU = Release|Any CPU
	EndGlobalSection
	GlobalSection(ProjectConfigurationPlatforms) = postSolution
		{826A8626-4EE7-4596-A22D-3789DDF06ED2}.Debug|Any CPU.ActiveCfg = Debug|Any CPU
		{826A8626-4EE7-4596-A22D-3789DDF06ED2}.Debug|Any CPU.Build.0 = Debug|Any CPU
		{826A8626-4EE7-4596-A22D-3789DDF06ED2}.Release|Any CPU.ActiveCfg = Release|Any CPU
		{826A8626-4EE7-4596-A22D-3789DDF06ED2}.Release|Any CPU.Build.0 = Release|Any CPU
		{1AA481F8-62D5-4AF0-BB00-765E668B1417}.Debug|Any CPU.ActiveCfg = Debug|Any CPU
		{1AA481F8-62D5-4AF0-BB00-765E668B1417}.Debug|Any CPU.Build.0 = Debug|Any CPU
		{1AA481F8-62D5-4AF0-BB00-765E668B1417}.Release|Any CPU.ActiveCfg = Release|Any CPU
		{1AA481F8-62D5-4AF0-BB00-765E668B1417}.Release|Any CPU.Build.0 = Release|Any CPU
	EndGlobalSection
	GlobalSection(SolutionProperties) = preSolution
		HideSolutionNode = FALSE
	EndGlobalSection
	GlobalSection(ExtensibilityGlobals) = postSolution
		SolutionGuid = {99378E23-CD09-46D9-9B15-498D1C18796F}
	EndGlobalSection
EndGlobal
